
Microsoft Visual Studio Solution File, Format Version 12.00
# Visual Studio Version 17
VisualStudioVersion = 17.0.31903.59
MinimumVisualStudioVersion = 10.0.40219.1
Project("{FAE04EC0-301F-11D3-BF4B-00C04F79EFBC}") = "BereansPath.Api", "BereansPath.Api\BereansPath.Api.csproj", "{8F9D141B-E51B-49EB-B991-D5FEF7A26F37}"
EndProject
Global
	GlobalSection(SolutionConfigurationPlatforms) = preSolution
		Debug|Any CPU = Debug|Any CPU
		Release|Any CPU = Release|Any CPU
	EndGlobalSection
	GlobalSection(SolutionProperties) = preSolution
		HideSolutionNode = FALSE
	EndGlobalSection
	GlobalSection(ProjectConfigurationPlatforms) = postSolution
		{8F9D141B-E51B-49EB-B991-D5FEF7A26F37}.Debug|Any CPU.ActiveCfg = Debug|Any CPU
		{8F9D141B-E51B-49EB-B991-D5FEF7A26F37}.Debug|Any CPU.Build.0 = Debug|Any CPU
		{8F9D141B-E51B-49EB-B991-D5FEF7A26F37}.Release|Any CPU.ActiveCfg = Release|Any CPU
		{8F9D141B-E51B-49EB-B991-D5FEF7A26F37}.Release|Any CPU.Build.0 = Release|Any CPU
	EndGlobalSection
EndGlobal
